
Microsoft Visual Studio Solution File, Format Version 12.00
# Visual Studio 2015
Project("{FAE04EC0-301F-11D3-BF4B-00C04F79EFBC}") = "17T1-P2-Zac and Matt.CSharp.Plugins", "17T1-P2-Zac and Matt.CSharp.Plugins.csproj", "{47B68924-612E-F28F-E976-04EFE85FD720}"
EndProject
Project("{FAE04EC0-301F-11D3-BF4B-00C04F79EFBC}") = "17T1-P2-Zac and Matt.CSharp", "17T1-P2-Zac and Matt.CSharp.csproj", "{14169C04-2148-3843-C0A1-32CF0E0E1702}"
EndProject
Project("{FAE04EC0-301F-11D3-BF4B-00C04F79EFBC}") = "17T1-P2-Zac and Matt.CSharp.Editor", "17T1-P2-Zac and Matt.CSharp.Editor.csproj", "{92F349CF-D405-7CF7-D448-D9EE9AF3BB86}"
EndProject
Global
	GlobalSection(SolutionConfigurationPlatforms) = preSolution
		Debug|Any CPU = Debug|Any CPU
		Release|Any CPU = Release|Any CPU
	EndGlobalSection
	GlobalSection(ProjectConfigurationPlatforms) = postSolution
		{47B68924-612E-F28F-E976-04EFE85FD720}.Debug|Any CPU.ActiveCfg = Debug|Any CPU
		{47B68924-612E-F28F-E976-04EFE85FD720}.Debug|Any CPU.Build.0 = Debug|Any CPU
		{47B68924-612E-F28F-E976-04EFE85FD720}.Release|Any CPU.ActiveCfg = Release|Any CPU
		{47B68924-612E-F28F-E976-04EFE85FD720}.Release|Any CPU.Build.0 = Release|Any CPU
		{14169C04-2148-3843-C0A1-32CF0E0E1702}.Debug|Any CPU.ActiveCfg = Debug|Any CPU
		{14169C04-2148-3843-C0A1-32CF0E0E1702}.Debug|Any CPU.Build.0 = Debug|Any CPU
		{14169C04-2148-3843-C0A1-32CF0E0E1702}.Release|Any CPU.ActiveCfg = Release|Any CPU
		{14169C04-2148-3843-C0A1-32CF0E0E1702}.Release|Any CPU.Build.0 = Release|Any CPU
		{92F349CF-D405-7CF7-D448-D9EE9AF3BB86}.Debug|Any CPU.ActiveCfg = Debug|Any CPU
		{92F349CF-D405-7CF7-D448-D9EE9AF3BB86}.Debug|Any CPU.Build.0 = Debug|Any CPU
		{92F349CF-D405-7CF7-D448-D9EE9AF3BB86}.Release|Any CPU.ActiveCfg = Release|Any CPU
		{92F349CF-D405-7CF7-D448-D9EE9AF3BB86}.Release|Any CPU.Build.0 = Release|Any CPU
	EndGlobalSection
	GlobalSection(SolutionProperties) = preSolution
		HideSolutionNode = FALSE
	EndGlobalSection
EndGlobal
